
Microsoft Visual Studio Solution File, Format Version 12.00
# Visual Studio Version 17
VisualStudioVersion = 17.6.33723.286
MinimumVisualStudioVersion = 10.0.40219.1
Project("{FAE04EC0-301F-11D3-BF4B-00C04F79EFBC}") = "PatientInfoApi", "PatientInfoApi\PatientInfoApi.csproj", "{4609B199-3A4C-4812-9FDF-CAD27BE76F88}"
EndProject
Project("{FAE04EC0-301F-11D3-BF4B-00C04F79EFBC}") = "PatientTests", "PatientTests\PatientTests.csproj", "{9F0E3B99-7971-4B37-A5B1-9B2B8D62E42F}"
EndProject
Global
	GlobalSection(SolutionConfigurationPlatforms) = preSolution
		Debug|Any CPU = Debug|Any CPU
		Release|Any CPU = Release|Any CPU
	EndGlobalSection
	GlobalSection(ProjectConfigurationPlatforms) = postSolution
		{4609B199-3A4C-4812-9FDF-CAD27BE76F88}.Debug|Any CPU.ActiveCfg = Debug|Any CPU
		{4609B199-3A4C-4812-9FDF-CAD27BE76F88}.Debug|Any CPU.Build.0 = Debug|Any CPU
		{4609B199-3A4C-4812-9FDF-CAD27BE76F88}.Release|Any CPU.ActiveCfg = Release|Any CPU
		{4609B199-3A4C-4812-9FDF-CAD27BE76F88}.Release|Any CPU.Build.0 = Release|Any CPU
		{9F0E3B99-7971-4B37-A5B1-9B2B8D62E42F}.Debug|Any CPU.ActiveCfg = Debug|Any CPU
		{9F0E3B99-7971-4B37-A5B1-9B2B8D62E42F}.Debug|Any CPU.Build.0 = Debug|Any CPU
		{9F0E3B99-7971-4B37-A5B1-9B2B8D62E42F}.Release|Any CPU.ActiveCfg = Release|Any CPU
		{9F0E3B99-7971-4B37-A5B1-9B2B8D62E42F}.Release|Any CPU.Build.0 = Release|Any CPU
	EndGlobalSection
	GlobalSection(SolutionProperties) = preSolution
		HideSolutionNode = FALSE
	EndGlobalSection
	GlobalSection(ExtensibilityGlobals) = postSolution
		SolutionGuid = {6BFD682F-0878-4A6D-99CE-305688364F89}
	EndGlobalSection
EndGlobal
